
Microsoft Visual Studio Solution File, Format Version 12.00
# Visual Studio Version 17
VisualStudioVersion = 17.4.33213.308
MinimumVisualStudioVersion = 10.0.40219.1
Project("{FAE04EC0-301F-11D3-BF4B-00C04F79EFBC}") = "TryCatchDeneme", "TryCatchDeneme\TryCatchDeneme.csproj", "{2F40E969-5D74-405F-9FEF-3D11A9ED1BBE}"
EndProject
Global
	GlobalSection(SolutionConfigurationPlatforms) = preSolution
		Debug|Any CPU = Debug|Any CPU
		Release|Any CPU = Release|Any CPU
	EndGlobalSection
	GlobalSection(ProjectConfigurationPlatforms) = postSolution
		{2F40E969-5D74-405F-9FEF-3D11A9ED1BBE}.Debug|Any CPU.ActiveCfg = Debug|Any CPU
		{2F40E969-5D74-405F-9FEF-3D11A9ED1BBE}.Debug|Any CPU.Build.0 = Debug|Any CPU
		{2F40E969-5D74-405F-9FEF-3D11A9ED1BBE}.Release|Any CPU.ActiveCfg = Release|Any CPU
		{2F40E969-5D74-405F-9FEF-3D11A9ED1BBE}.Release|Any CPU.Build.0 = Release|Any CPU
	EndGlobalSection
	GlobalSection(SolutionProperties) = preSolution
		HideSolutionNode = FALSE
	EndGlobalSection
	GlobalSection(ExtensibilityGlobals) = postSolution
		SolutionGuid = {29AA4B4A-2D5C-4677-AA11-64E765CC4B7D}
	EndGlobalSection
EndGlobal
